// !$*UTF8*$!
{
	archiveVersion = 1;
	classes = {
	};
	objectVersion = 46;
	objects = {

/* Begin PBXBuildFile section */
		C62F01631D20820C006C2A48 /* AppDelegate.swift in Sources */ = {isa = PBXBuildFile; fileRef = C62F01621D20820C006C2A48 /* AppDelegate.swift */; };
		C62F01681D20820C006C2A48 /* Main.storyboard in Resources */ = {isa = PBXBuildFile; fileRef = C62F01661D20820C006C2A48 /* Main.storyboard */; };
		C62F016A1D20820C006C2A48 /* Assets.xcassets in Resources */ = {isa = PBXBuildFile; fileRef = C62F01691D20820C006C2A48 /* Assets.xcassets */; };
		C62F016D1D20820C006C2A48 /* LaunchScreen.storyboard in Resources */ = {isa = PBXBuildFile; fileRef = C62F016B1D20820C006C2A48 /* LaunchScreen.storyboard */; };
		C62F01781D20820C006C2A48 /* _3CassiniTests.swift in Sources */ = {isa = PBXBuildFile; fileRef = C62F01771D20820C006C2A48 /* _3CassiniTests.swift */; };
		C62F01831D20820C006C2A48 /* _3CassiniUITests.swift in Sources */ = {isa = PBXBuildFile; fileRef = C62F01821D20820C006C2A48 /* _3CassiniUITests.swift */; };
		C62F01921D208233006C2A48 /* ImageViewController.swift in Sources */ = {isa = PBXBuildFile; fileRef = C62F01911D208233006C2A48 /* ImageViewController.swift */; };
		C62F01941D208463006C2A48 /* DemoURL.swift in Sources */ = {isa = PBXBuildFile; fileRef = C62F01931D208463006C2A48 /* DemoURL.swift */; };
/* End PBXBuildFile section */

/* Begin PBXContainerItemProxy section */
		C62F01741D20820C006C2A48 /* PBXContainerItemProxy */ = {
			isa = PBXContainerItemProxy;
			containerPortal = C62F01571D20820C006C2A48 /* Project object */;
			proxyType = 1;
			remoteGlobalIDString = C62F015E1D20820C006C2A48;
			remoteInfo = 03Cassini;
		};
		C62F017F1D20820C006C2A48 /* PBXContainerItemProxy */ = {
			isa = PBXContainerItemProxy;
			containerPortal = C62F01571D20820C006C2A48 /* Project object */;
			proxyType = 1;
			remoteGlobalIDString = C62F015E1D20820C006C2A48;
			remoteInfo = 03Cassini;
		};
/* End PBXContainerItemProxy section */

/* Begin PBXFileReference section */
		C62F015F1D20820C006C2A48 /* 03Cassini.app */ = {isa = PBXFileReference; explicitFileType = wrapper.application; includeInIndex = 0; path = 03Cassini.app; sourceTree = BUILT_PRODUCTS_DIR; };
		C62F01621D20820C006C2A48 /* AppDelegate.swift */ = {isa = PBXFileReference; lastKnownFileType = sourcecode.swift; path = AppDelegate.swift; sourceTree = "<group>"; };
		C62F01671D20820C006C2A48 /* Base */ = {isa = PBXFileReference; lastKnownFileType = file.storyboard; name = Base; path = Base.lproj/Main.storyboard; sourceTree = "<group>"; };
		C62F01691D20820C006C2A48 /* Assets.xcassets */ = {isa = PBXFileReference; lastKnownFileType = folder.assetcatalog; path = Assets.xcassets; sourceTree = "<group>"; };
		C62F016C1D20820C006C2A48 /* Base */ = {isa = PBXFileReference; lastKnownFileType = file.storyboard; name = Base; path = Base.lproj/LaunchScreen.storyboard; sourceTree = "<group>"; };
		C62F016E1D20820C006C2A48 /* Info.plist */ = {isa = PBXFileReference; lastKnownFileType = text.plist.xml; path = Info.plist; sourceTree = "<group>"; };
		C62F01731D20820C006C2A48 /* 03CassiniTests.xctest */ = {isa = PBXFileReference; explicitFileType = wrapper.cfbundle; includeInIndex = 0; path = 03CassiniTests.xctest; sourceTree = BUILT_PRODUCTS_DIR; };
		C62F01771D20820C006C2A48 /* _3CassiniTests.swift */ = {isa = PBXFileReference; lastKnownFileType = sourcecode.swift; path = _3CassiniTests.swift; sourceTree = "<group>"; };
		C62F01791D20820C006C2A48 /* Info.plist */ = {isa = PBXFileReference; lastKnownFileType = text.plist.xml; path = Info.plist; sourceTree = "<group>"; };
		C62F017E1D20820C006C2A48 /* 03CassiniUITests.xctest */ = {isa = PBXFileReference; explicitFileType = wrapper.cfbundle; includeInIndex = 0; path = 03CassiniUITests.xctest; sourceTree = BUILT_PRODUCTS_DIR; };
		C62F01821D20820C006C2A48 /* _3CassiniUITests.swift */ = {isa = PBXFileReference; lastKnownFileType = sourcecode.swift; path = _3CassiniUITests.swift; sourceTree = "<group>"; };
		C62F01841D20820C006C2A48 /* Info.plist */ = {isa = PBXFileReference; lastKnownFileType = text.plist.xml; path = Info.plist; sourceTree = "<group>"; };
		C62F01911D208233006C2A48 /* ImageViewController.swift */ = {isa = PBXFileReference; fileEncoding = 4; lastKnownFileType = sourcecode.swift; path = ImageViewController.swift; sourceTree = "<group>"; };
		C62F01931D208463006C2A48 /* DemoURL.swift */ = {isa = PBXFileReference; fileEncoding = 4; lastKnownFileType = sourcecode.swift; path = DemoURL.swift; sourceTree = "<group>"; };
/* End PBXFileReference section */

/* Begin PBXFrameworksBuildPhase section */
		C62F015C1D20820C006C2A48 /* Frameworks */ = {
			isa = PBXFrameworksBuildPhase;
			buildActionMask = 2147483647;
			files = (
			);
			runOnlyForDeploymentPostprocessing = 0;
		};
		C62F01701D20820C006C2A48 /* Frameworks */ = {
			isa = PBXFrameworksBuildPhase;
			buildActionMask = 2147483647;
			files = (
			);
			runOnlyForDeploymentPostprocessing = 0;
		};
		C62F017B1D20820C006C2A48 /* Frameworks */ = {
			isa = PBXFrameworksBuildPhase;
			buildActionMask = 2147483647;
			files = (
			);
			runOnlyForDeploymentPostprocessing = 0;
		};
/* End PBXFrameworksBuildPhase section */

/* Begin PBXGroup section */
		C62F01561D20820C006C2A48 = {
			isa = PBXGroup;
			children = (
				C62F01611D20820C006C2A48 /* 03Cassini */,
				C62F01761D20820C006C2A48 /* 03CassiniTests */,
				C62F01811D20820C006C2A48 /* 03CassiniUITests */,
				C62F01601D20820C006C2A48 /* Products */,
			);
			sourceTree = "<group>";
		};
		C62F01601D20820C006C2A48 /* Products */ = {
			isa = PBXGroup;
			children = (
				C62F015F1D20820C006C2A48 /* 03Cassini.app */,
				C62F01731D20820C006C2A48 /* 03CassiniTests.xctest */,
				C62F017E1D20820C006C2A48 /* 03CassiniUITests.xctest */,
			);
			name = Products;
			sourceTree = "<group>";
		};
		C62F01611D20820C006C2A48 /* 03Cassini */ = {
			isa = PBXGroup;
			children = (
				C62F01911D208233006C2A48 /* ImageViewController.swift */,
				C62F01661D20820C006C2A48 /* Main.storyboard */,
				C62F016E1D20820C006C2A48 /* Info.plist */,
				C62F01901D208213006C2A48 /* Supporting Files */,
				C62F01931D208463006C2A48 /* DemoURL.swift */,
			);
			path = 03Cassini;
			sourceTree = "<group>";
		};
		C62F01761D20820C006C2A48 /* 03CassiniTests */ = {
			isa = PBXGroup;
			children = (
				C62F01771D20820C006C2A48 /* _3CassiniTests.swift */,
				C62F01791D20820C006C2A48 /* Info.plist */,
			);
			path = 03CassiniTests;
			sourceTree = "<group>";
		};
		C62F01811D20820C006C2A48 /* 03CassiniUITests */ = {
			isa = PBXGroup;
			children = (
				C62F01821D20820C006C2A48 /* _3CassiniUITests.swift */,
				C62F01841D20820C006C2A48 /* Info.plist */,
			);
			path = 03CassiniUITests;
			sourceTree = "<group>";
		};
		C62F01901D208213006C2A48 /* Supporting Files */ = {
			isa = PBXGroup;
			children = (
				C62F01621D20820C006C2A48 /* AppDelegate.swift */,
				C62F01691D20820C006C2A48 /* Assets.xcassets */,
				C62F016B1D20820C006C2A48 /* LaunchScreen.storyboard */,
			);
			name = "Supporting Files";
			sourceTree = "<group>";
		};
/* End PBXGroup section */

/* Begin PBXNativeTarget section */
		C62F015E1D20820C006C2A48 /* 03Cassini */ = {
			isa = PBXNativeTarget;
			buildConfigurationList = C62F01871D20820C006C2A48 /* Build configuration list for PBXNativeTarget "03Cassini" */;
			buildPhases = (
				C62F015B1D20820C006C2A48 /* Sources */,
				C62F015C1D20820C006C2A48 /* Frameworks */,
				C62F015D1D20820C006C2A48 /* Resources */,
			);
			buildRules = (
			);
			dependencies = (
			);
			name = 03Cassini;
			productName = 03Cassini;
			productReference = C62F015F1D20820C006C2A48 /* 03Cassini.app */;
			productType = "com.apple.product-type.application";
		};
		C62F01721D20820C006C2A48 /* 03CassiniTests */ = {
			isa = PBXNativeTarget;
			buildConfigurationList = C62F018A1D20820C006C2A48 /* Build configuration list for PBXNativeTarget "03CassiniTests" */;
			buildPhases = (
				C62F016F1D20820C006C2A48 /* Sources */,
				C62F01701D20820C006C2A48 /* Frameworks */,
				C62F01711D20820C006C2A48 /* Resources */,
			);
			buildRules = (
			);
			dependencies = (
				C62F01751D20820C006C2A48 /* PBXTargetDependency */,
			);
			name = 03CassiniTests;
			productName = 03CassiniTests;
			productReference = C62F01731D20820C006C2A48 /* 03CassiniTests.xctest */;
			productType = "com.apple.product-type.bundle.unit-test";
		};
		C62F017D1D20820C006C2A48 /* 03CassiniUITests */ = {
			isa = PBXNativeTarget;
			buildConfigurationList = C62F018D1D20820C006C2A48 /* Build configuration list for PBXNativeTarget "03CassiniUITests" */;
			buildPhases = (
				C62F017A1D20820C006C2A48 /* Sources */,
				C62F017B1D20820C006C2A48 /* Frameworks */,
				C62F017C1D20820C006C2A48 /* Resources */,
			);
			buildRules = (
			);
			dependencies = (
				C62F01801D20820C006C2A48 /* PBXTargetDependency */,
			);
			name = 03CassiniUITests;
			productName = 03CassiniUITests;
			productReference = C62F017E1D20820C006C2A48 /* 03CassiniUITests.xctest */;
			productType = "com.apple.product-type.bundle.ui-testing";
		};
/* End PBXNativeTarget section */

/* Begin PBXProject section */
		C62F01571D20820C006C2A48 /* Project object */ = {
			isa = PBXProject;
			attributes = {
				LastSwiftUpdateCheck = 0730;
				LastUpgradeCheck = 0730;
				ORGANIZATIONNAME = "Julio Franco";
				TargetAttributes = {
					C62F015E1D20820C006C2A48 = {
						CreatedOnToolsVersion = 7.3;
					};
					C62F01721D20820C006C2A48 = {
						CreatedOnToolsVersion = 7.3;
						TestTargetID = C62F015E1D20820C006C2A48;
					};
					C62F017D1D20820C006C2A48 = {
						CreatedOnToolsVersion = 7.3;
						TestTargetID = C62F015E1D20820C006C2A48;
					};
				};
			};
			buildConfigurationList = C62F015A1D20820C006C2A48 /* Build configuration list for PBXProject "03Cassini" */;
			compatibilityVersion = "Xcode 3.2";
			developmentRegion = English;
			hasScannedForEncodings = 0;
			knownRegions = (
				en,
				Base,
			);
			mainGroup = C62F01561D20820C006C2A48;
			productRefGroup = C62F01601D20820C006C2A48 /* Products */;
			projectDirPath = "";
			projectRoot = "";
			targets = (
				C62F015E1D20820C006C2A48 /* 03Cassini */,
				C62F01721D20820C006C2A48 /* 03CassiniTests */,
				C62F017D1D20820C006C2A48 /* 03CassiniUITests */,
			);
		};
/* End PBXProject section */

/* Begin PBXResourcesBuildPhase section */
		C62F015D1D20820C006C2A48 /* Resources */ = {
			isa = PBXResourcesBuildPhase;
			buildActionMask = 2147483647;
			files = (
				C62F016D1D20820C006C2A48 /* LaunchScreen.storyboard in Resources */,
				C62F016A1D20820C006C2A48 /* Assets.xcassets in Resources */,
				C62F01681D20820C006C2A48 /* Main.storyboard in Resources */,
			);
			runOnlyForDeploymentPostprocessing = 0;
		};
		C62F01711D20820C006C2A48 /* Resources */ = {
			isa = PBXResourcesBuildPhase;
			buildActionMask = 2147483647;
			files = (
			);
			runOnlyForDeploymentPostprocessing = 0;
		};
		C62F017C1D20820C006C2A48 /* Resources */ = {
			isa = PBXResourcesBuildPhase;
			buildActionMask = 2147483647;
			files = (
			);
			runOnlyForDeploymentPostprocessing = 0;
		};
/* End PBXResourcesBuildPhase section */

/* Begin PBXSourcesBuildPhase section */
		C62F015B1D20820C006C2A48 /* Sources */ = {
			isa = PBXSourcesBuildPhase;
			buildActionMask = 2147483647;
			files = (
				C62F01921D208233006C2A48 /* ImageViewController.swift in Sources */,
				C62F01631D20820C006C2A48 /* AppDelegate.swift in Sources */,
				C62F01941D208463006C2A48 /* DemoURL.swift in Sources */,
			);
			runOnlyForDeploymentPostprocessing = 0;
		};
		C62F016F1D20820C006C2A48 /* Sources */ = {
			isa = PBXSourcesBuildPhase;
			buildActionMask = 2147483647;
			files = (
				C62F01781D20820C006C2A48 /* _3CassiniTests.swift in Sources */,
			);
			runOnlyForDeploymentPostprocessing = 0;
		};
		C62F017A1D20820C006C2A48 /* Sources */ = {
			isa = PBXSourcesBuildPhase;
			buildActionMask = 2147483647;
			files = (
				C62F01831D20820C006C2A48 /* _3CassiniUITests.swift in Sources */,
			);
			runOnlyForDeploymentPostprocessing = 0;
		};
/* End PBXSourcesBuildPhase section */

/* Begin PBXTargetDependency section */
		C62F01751D20820C006C2A48 /* PBXTargetDependency */ = {
			isa = PBXTargetDependency;
			target = C62F015E1D20820C006C2A48 /* 03Cassini */;
			targetProxy = C62F01741D20820C006C2A48 /* PBXContainerItemProxy */;
		};
		C62F01801D20820C006C2A48 /* PBXTargetDependency */ = {
			isa = PBXTargetDependency;
			target = C62F015E1D20820C006C2A48 /* 03Cassini */;
			targetProxy = C62F017F1D20820C006C2A48 /* PBXContainerItemProxy */;
		};
/* End PBXTargetDependency section */

/* Begin PBXVariantGroup section */
		C62F01661D20820C006C2A48 /* Main.storyboard */ = {
			isa = PBXVariantGroup;
			children = (
				C62F01671D20820C006C2A48 /* Base */,
			);
			name = Main.storyboard;
			sourceTree = "<group>";
		};
		C62F016B1D20820C006C2A48 /* LaunchScreen.storyboard */ = {
			isa = PBXVariantGroup;
			children = (
				C62F016C1D20820C006C2A48 /* Base */,
			);
			name = LaunchScreen.storyboard;
			sourceTree = "<group>";
		};
/* End PBXVariantGroup section */

/* Begin XCBuildConfiguration section */
		C62F01851D20820C006C2A48 /* Debug */ = {
			isa = XCBuildConfiguration;
			buildSettings = {
				ALWAYS_SEARCH_USER_PATHS = NO;
				CLANG_ANALYZER_NONNULL = YES;
				CLANG_CXX_LANGUAGE_STANDARD = "gnu++0x";
				CLANG_CXX_LIBRARY = "libc++";
				CLANG_ENABLE_MODULES = YES;
				CLANG_ENABLE_OBJC_ARC = YES;
				CLANG_WARN_BOOL_CONVERSION = YES;
				CLANG_WARN_CONSTANT_CONVERSION = YES;
				CLANG_WARN_DIRECT_OBJC_ISA_USAGE = YES_ERROR;
				CLANG_WARN_EMPTY_BODY = YES;
				CLANG_WARN_ENUM_CONVERSION = YES;
				CLANG_WARN_INT_CONVERSION = YES;
				CLANG_WARN_OBJC_ROOT_CLASS = YES_ERROR;
				CLANG_WARN_UNREACHABLE_CODE = YES;
				CLANG_WARN__DUPLICATE_METHOD_MATCH = YES;
				"CODE_SIGN_IDENTITY[sdk=iphoneos*]" = "iPhone Developer";
				COPY_PHASE_STRIP = NO;
				DEBUG_INFORMATION_FORMAT = dwarf;
				ENABLE_STRICT_OBJC_MSGSEND = YES;
				ENABLE_TESTABILITY = YES;
				GCC_C_LANGUAGE_STANDARD = gnu99;
				GCC_DYNAMIC_NO_PIC = NO;
				GCC_NO_COMMON_BLOCKS = YES;
				GCC_OPTIMIZATION_LEVEL = 0;
				GCC_PREPROCESSOR_DEFINITIONS = (
					"DEBUG=1",
					"$(inherited)",
				);
				GCC_WARN_64_TO_32_BIT_CONVERSION = YES;
				GCC_WARN_ABOUT_RETURN_TYPE = YES_ERROR;
				GCC_WARN_UNDECLARED_SELECTOR = YES;
				GCC_WARN_UNINITIALIZED_AUTOS = YES_AGGRESSIVE;
				GCC_WARN_UNUSED_FUNCTION = YES;
				GCC_WARN_UNUSED_VARIABLE = YES;
				IPHONEOS_DEPLOYMENT_TARGET = 9.3;
				MTL_ENABLE_DEBUG_INFO = YES;
				ONLY_ACTIVE_ARCH = YES;
				SDKROOT = iphoneos;
				SWIFT_OPTIMIZATION_LEVEL = "-Onone";
			};
			name = Debug;
		};
		C62F01861D20820C006C2A48 /* Release */ = {
			isa = XCBuildConfiguration;
			buildSettings = {
				ALWAYS_SEARCH_USER_PATHS = NO;
				CLANG_ANALYZER_NONNULL = YES;
				CLANG_CXX_LANGUAGE_STANDARD = "gnu++0x";
				CLANG_CXX_LIBRARY = "libc++";
				CLANG_ENABLE_MODULES = YES;
				CLANG_ENABLE_OBJC_ARC = YES;
				CLANG_WARN_BOOL_CONVERSION = YES;
				CLANG_WARN_CONSTANT_CONVERSION = YES;
				CLANG_WARN_DIRECT_OBJC_ISA_USAGE = YES_ERROR;
				CLANG_WARN_EMPTY_BODY = YES;
				CLANG_WARN_ENUM_CONVERSION = YES;
				CLANG_WARN_INT_CONVERSION = YES;
				CLANG_WARN_OBJC_ROOT_CLASS = YES_ERROR;
				CLANG_WARN_UNREACHABLE_CODE = YES;
				CLANG_WARN__DUPLICATE_METHOD_MATCH = YES;
				"CODE_SIGN_IDENTITY[sdk=iphoneos*]" = "iPhone Developer";
				COPY_PHASE_STRIP = NO;
				DEBUG_INFORMATION_FORMAT = "dwarf-with-dsym";
				ENABLE_NS_ASSERTIONS = NO;
				ENABLE_STRICT_OBJC_MSGSEND = YES;
				GCC_C_LANGUAGE_STANDARD = gnu99;
				GCC_NO_COMMON_BLOCKS = YES;
				GCC_WARN_64_TO_32_BIT_CONVERSION = YES;
				GCC_WARN_ABOUT_RETURN_TYPE = YES_ERROR;
				GCC_WARN_UNDECLARED_SELECTOR = YES;
				GCC_WARN_UNINITIALIZED_AUTOS = YES_AGGRESSIVE;
				GCC_WARN_UNUSED_FUNCTION = YES;
				GCC_WARN_UNUSED_VARIABLE = YES;
				IPHONEOS_DEPLOYMENT_TARGET = 9.3;
				MTL_ENABLE_DEBUG_INFO = NO;
				SDKROOT = iphoneos;
				VALIDATE_PRODUCT = YES;
			};
			name = Release;
		};
		C62F01881D20820C006C2A48 /* Debug */ = {
			isa = XCBuildConfiguration;
			buildSettings = {
				ASSETCATALOG_COMPILER_APPICON_NAME = AppIcon;
				INFOPLIST_FILE = 03Cassini/Info.plist;
				LD_RUNPATH_SEARCH_PATHS = "$(inherited) @executable_path/Frameworks";
				PRODUCT_BUNDLE_IDENTIFIER = "self.jfiosdev.-3Cassini";
				PRODUCT_NAME = "$(TARGET_NAME)";
			};
			name = Debug;
		};
		C62F01891D20820C006C2A48 /* Release */ = {
			isa = XCBuildConfiguration;
			buildSettings = {
				ASSETCATALOG_COMPILER_APPICON_NAME = AppIcon;
				INFOPLIST_FILE = 03Cassini/Info.plist;
				LD_RUNPATH_SEARCH_PATHS = "$(inherited) @executable_path/Frameworks";
				PRODUCT_BUNDLE_IDENTIFIER = "self.jfiosdev.-3Cassini";
				PRODUCT_NAME = "$(TARGET_NAME)";
			};
			name = Release;
		};
		C62F018B1D20820C006C2A48 /* Debug */ = {
			isa = XCBuildConfiguration;
			buildSettings = {
				BUNDLE_LOADER = "$(TEST_HOST)";
				INFOPLIST_FILE = 03CassiniTests/Info.plist;
				LD_RUNPATH_SEARCH_PATHS = "$(inherited) @executable_path/Frameworks @loader_path/Frameworks";
				PRODUCT_BUNDLE_IDENTIFIER = "self.jfiosdev.-3CassiniTests";
				PRODUCT_NAME = "$(TARGET_NAME)";
				TEST_HOST = "$(BUILT_PRODUCTS_DIR)/03Cassini.app/03Cassini";
			};
			name = Debug;
		};
		C62F018C1D20820C006C2A48 /* Release */ = {
			isa = XCBuildConfiguration;
			buildSettings = {
				BUNDLE_LOADER = "$(TEST_HOST)";
				INFOPLIST_FILE = 03CassiniTests/Info.plist;
				LD_RUNPATH_SEARCH_PATHS = "$(inherited) @executable_path/Frameworks @loader_path/Frameworks";
				PRODUCT_BUNDLE_IDENTIFIER = "self.jfiosdev.-3CassiniTests";
				PRODUCT_NAME = "$(TARGET_NAME)";
				TEST_HOST = "$(BUILT_PRODUCTS_DIR)/03Cassini.app/03Cassini";
			};
			name = Release;
		};
		C62F018E1D20820C006C2A48 /* Debug */ = {
			isa = XCBuildConfiguration;
			buildSettings = {
				INFOPLIST_FILE = 03CassiniUITests/Info.plist;
				LD_RUNPATH_SEARCH_PATHS = "$(inherited) @executable_path/Frameworks @loader_path/Frameworks";
				PRODUCT_BUNDLE_IDENTIFIER = "self.jfiosdev.-3CassiniUITests";
				PRODUCT_NAME = "$(TARGET_NAME)";
				TEST_TARGET_NAME = 03Cassini;
			};
			name = Debug;
		};
		C62F018F1D20820C006C2A48 /* Release */ = {
			isa = XCBuildConfiguration;
			buildSettings = {
				INFOPLIST_FILE = 03CassiniUITests/Info.plist;
				LD_RUNPATH_SEARCH_PATHS = "$(inherited) @executable_path/Frameworks @loader_path/Frameworks";
				PRODUCT_BUNDLE_IDENTIFIER = "self.jfiosdev.-3CassiniUITests";
				PRODUCT_NAME = "$(TARGET_NAME)";
				TEST_TARGET_NAME = 03Cassini;
			};
			name = Release;
		};
/* End XCBuildConfiguration section */

/* Begin XCConfigurationList section */
		C62F015A1D20820C006C2A48 /* Build configuration list for PBXProject "03Cassini" */ = {
			isa = XCConfigurationList;
			buildConfigurations = (
				C62F01851D20820C006C2A48 /* Debug */,
				C62F01861D20820C006C2A48 /* Release */,
			);
			defaultConfigurationIsVisible = 0;
			defaultConfigurationName = Release;
		};
		C62F01871D20820C006C2A48 /* Build configuration list for PBXNativeTarget "03Cassini" */ = {
			isa = XCConfigurationList;
			buildConfigurations = (
				C62F01881D20820C006C2A48 /* Debug */,
				C62F01891D20820C006C2A48 /* Release */,
			);
			defaultConfigurationIsVisible = 0;
		};
		C62F018A1D20820C006C2A48 /* Build configuration list for PBXNativeTarget "03CassiniTests" */ = {
			isa = XCConfigurationList;
			buildConfigurations = (
				C62F018B1D20820C006C2A48 /* Debug */,
				C62F018C1D20820C006C2A48 /* Release */,
			);
			defaultConfigurationIsVisible = 0;
		};
		C62F018D1D20820C006C2A48 /* Build configuration list for PBXNativeTarget "03CassiniUITests" */ = {
			isa = XCConfigurationList;
			buildConfigurations = (
				C62F018E1D20820C006C2A48 /* Debug */,
				C62F018F1D20820C006C2A48 /* Release */,
			);
			defaultConfigurationIsVisible = 0;
		};
/* End XCConfigurationList section */
	};
	rootObject = C62F01571D20820C006C2A48 /* Project object */;
}
