// !$*UTF8*$!
{
	archiveVersion = 1;
	classes = {
	};
	objectVersion = 46;
	objects = {

/* Begin PBXBuildFile section */
		C62F00E41D1F5E6F006C2A48 /* AppDelegate.swift in Sources */ = {isa = PBXBuildFile; fileRef = C62F00E31D1F5E6F006C2A48 /* AppDelegate.swift */; };
		C62F00E61D1F5E6F006C2A48 /* FaceViewController.swift in Sources */ = {isa = PBXBuildFile; fileRef = C62F00E51D1F5E6F006C2A48 /* FaceViewController.swift */; };
		C62F00E91D1F5E6F006C2A48 /* Main.storyboard in Resources */ = {isa = PBXBuildFile; fileRef = C62F00E71D1F5E6F006C2A48 /* Main.storyboard */; };
		C62F00EB1D1F5E6F006C2A48 /* Assets.xcassets in Resources */ = {isa = PBXBuildFile; fileRef = C62F00EA1D1F5E6F006C2A48 /* Assets.xcassets */; };
		C62F00EE1D1F5E6F006C2A48 /* LaunchScreen.storyboard in Resources */ = {isa = PBXBuildFile; fileRef = C62F00EC1D1F5E6F006C2A48 /* LaunchScreen.storyboard */; };
		C62F00F91D1F5E6F006C2A48 /* _2FaceItTests.swift in Sources */ = {isa = PBXBuildFile; fileRef = C62F00F81D1F5E6F006C2A48 /* _2FaceItTests.swift */; };
		C62F01041D1F5E6F006C2A48 /* _2FaceItUITests.swift in Sources */ = {isa = PBXBuildFile; fileRef = C62F01031D1F5E6F006C2A48 /* _2FaceItUITests.swift */; };
		C62F01131D1F5F38006C2A48 /* FaceView.swift in Sources */ = {isa = PBXBuildFile; fileRef = C62F01121D1F5F38006C2A48 /* FaceView.swift */; };
/* End PBXBuildFile section */

/* Begin PBXContainerItemProxy section */
		C62F00F51D1F5E6F006C2A48 /* PBXContainerItemProxy */ = {
			isa = PBXContainerItemProxy;
			containerPortal = C62F00D81D1F5E6F006C2A48 /* Project object */;
			proxyType = 1;
			remoteGlobalIDString = C62F00DF1D1F5E6F006C2A48;
			remoteInfo = 02FaceIt;
		};
		C62F01001D1F5E6F006C2A48 /* PBXContainerItemProxy */ = {
			isa = PBXContainerItemProxy;
			containerPortal = C62F00D81D1F5E6F006C2A48 /* Project object */;
			proxyType = 1;
			remoteGlobalIDString = C62F00DF1D1F5E6F006C2A48;
			remoteInfo = 02FaceIt;
		};
/* End PBXContainerItemProxy section */

/* Begin PBXFileReference section */
		C62F00E01D1F5E6F006C2A48 /* 02FaceIt.app */ = {isa = PBXFileReference; explicitFileType = wrapper.application; includeInIndex = 0; path = 02FaceIt.app; sourceTree = BUILT_PRODUCTS_DIR; };
		C62F00E31D1F5E6F006C2A48 /* AppDelegate.swift */ = {isa = PBXFileReference; lastKnownFileType = sourcecode.swift; path = AppDelegate.swift; sourceTree = "<group>"; };
		C62F00E51D1F5E6F006C2A48 /* FaceViewController.swift */ = {isa = PBXFileReference; lastKnownFileType = sourcecode.swift; path = FaceViewController.swift; sourceTree = "<group>"; };
		C62F00E81D1F5E6F006C2A48 /* Base */ = {isa = PBXFileReference; lastKnownFileType = file.storyboard; name = Base; path = Base.lproj/Main.storyboard; sourceTree = "<group>"; };
		C62F00EA1D1F5E6F006C2A48 /* Assets.xcassets */ = {isa = PBXFileReference; lastKnownFileType = folder.assetcatalog; path = Assets.xcassets; sourceTree = "<group>"; };
		C62F00ED1D1F5E6F006C2A48 /* Base */ = {isa = PBXFileReference; lastKnownFileType = file.storyboard; name = Base; path = Base.lproj/LaunchScreen.storyboard; sourceTree = "<group>"; };
		C62F00EF1D1F5E6F006C2A48 /* Info.plist */ = {isa = PBXFileReference; lastKnownFileType = text.plist.xml; path = Info.plist; sourceTree = "<group>"; };
		C62F00F41D1F5E6F006C2A48 /* 02FaceItTests.xctest */ = {isa = PBXFileReference; explicitFileType = wrapper.cfbundle; includeInIndex = 0; path = 02FaceItTests.xctest; sourceTree = BUILT_PRODUCTS_DIR; };
		C62F00F81D1F5E6F006C2A48 /* _2FaceItTests.swift */ = {isa = PBXFileReference; lastKnownFileType = sourcecode.swift; path = _2FaceItTests.swift; sourceTree = "<group>"; };
		C62F00FA1D1F5E6F006C2A48 /* Info.plist */ = {isa = PBXFileReference; lastKnownFileType = text.plist.xml; path = Info.plist; sourceTree = "<group>"; };
		C62F00FF1D1F5E6F006C2A48 /* 02FaceItUITests.xctest */ = {isa = PBXFileReference; explicitFileType = wrapper.cfbundle; includeInIndex = 0; path = 02FaceItUITests.xctest; sourceTree = BUILT_PRODUCTS_DIR; };
		C62F01031D1F5E6F006C2A48 /* _2FaceItUITests.swift */ = {isa = PBXFileReference; lastKnownFileType = sourcecode.swift; path = _2FaceItUITests.swift; sourceTree = "<group>"; };
		C62F01051D1F5E6F006C2A48 /* Info.plist */ = {isa = PBXFileReference; lastKnownFileType = text.plist.xml; path = Info.plist; sourceTree = "<group>"; };
		C62F01121D1F5F38006C2A48 /* FaceView.swift */ = {isa = PBXFileReference; fileEncoding = 4; lastKnownFileType = sourcecode.swift; path = FaceView.swift; sourceTree = "<group>"; };
/* End PBXFileReference section */

/* Begin PBXFrameworksBuildPhase section */
		C62F00DD1D1F5E6F006C2A48 /* Frameworks */ = {
			isa = PBXFrameworksBuildPhase;
			buildActionMask = 2147483647;
			files = (
			);
			runOnlyForDeploymentPostprocessing = 0;
		};
		C62F00F11D1F5E6F006C2A48 /* Frameworks */ = {
			isa = PBXFrameworksBuildPhase;
			buildActionMask = 2147483647;
			files = (
			);
			runOnlyForDeploymentPostprocessing = 0;
		};
		C62F00FC1D1F5E6F006C2A48 /* Frameworks */ = {
			isa = PBXFrameworksBuildPhase;
			buildActionMask = 2147483647;
			files = (
			);
			runOnlyForDeploymentPostprocessing = 0;
		};
/* End PBXFrameworksBuildPhase section */

/* Begin PBXGroup section */
		C62F00D71D1F5E6F006C2A48 = {
			isa = PBXGroup;
			children = (
				C62F00E21D1F5E6F006C2A48 /* 02FaceIt */,
				C62F00F71D1F5E6F006C2A48 /* 02FaceItTests */,
				C62F01021D1F5E6F006C2A48 /* 02FaceItUITests */,
				C62F00E11D1F5E6F006C2A48 /* Products */,
			);
			sourceTree = "<group>";
		};
		C62F00E11D1F5E6F006C2A48 /* Products */ = {
			isa = PBXGroup;
			children = (
				C62F00E01D1F5E6F006C2A48 /* 02FaceIt.app */,
				C62F00F41D1F5E6F006C2A48 /* 02FaceItTests.xctest */,
				C62F00FF1D1F5E6F006C2A48 /* 02FaceItUITests.xctest */,
			);
			name = Products;
			sourceTree = "<group>";
		};
		C62F00E21D1F5E6F006C2A48 /* 02FaceIt */ = {
			isa = PBXGroup;
			children = (
				C62F01121D1F5F38006C2A48 /* FaceView.swift */,
				C62F00E51D1F5E6F006C2A48 /* FaceViewController.swift */,
				C62F00E71D1F5E6F006C2A48 /* Main.storyboard */,
				C62F01111D1F5E8A006C2A48 /* Supporting Files */,
			);
			path = 02FaceIt;
			sourceTree = "<group>";
		};
		C62F00F71D1F5E6F006C2A48 /* 02FaceItTests */ = {
			isa = PBXGroup;
			children = (
				C62F00F81D1F5E6F006C2A48 /* _2FaceItTests.swift */,
				C62F00FA1D1F5E6F006C2A48 /* Info.plist */,
			);
			path = 02FaceItTests;
			sourceTree = "<group>";
		};
		C62F01021D1F5E6F006C2A48 /* 02FaceItUITests */ = {
			isa = PBXGroup;
			children = (
				C62F01031D1F5E6F006C2A48 /* _2FaceItUITests.swift */,
				C62F01051D1F5E6F006C2A48 /* Info.plist */,
			);
			path = 02FaceItUITests;
			sourceTree = "<group>";
		};
		C62F01111D1F5E8A006C2A48 /* Supporting Files */ = {
			isa = PBXGroup;
			children = (
				C62F00E31D1F5E6F006C2A48 /* AppDelegate.swift */,
				C62F00EA1D1F5E6F006C2A48 /* Assets.xcassets */,
				C62F00EC1D1F5E6F006C2A48 /* LaunchScreen.storyboard */,
				C62F00EF1D1F5E6F006C2A48 /* Info.plist */,
			);
			name = "Supporting Files";
			sourceTree = "<group>";
		};
/* End PBXGroup section */

/* Begin PBXNativeTarget section */
		C62F00DF1D1F5E6F006C2A48 /* 02FaceIt */ = {
			isa = PBXNativeTarget;
			buildConfigurationList = C62F01081D1F5E6F006C2A48 /* Build configuration list for PBXNativeTarget "02FaceIt" */;
			buildPhases = (
				C62F00DC1D1F5E6F006C2A48 /* Sources */,
				C62F00DD1D1F5E6F006C2A48 /* Frameworks */,
				C62F00DE1D1F5E6F006C2A48 /* Resources */,
			);
			buildRules = (
			);
			dependencies = (
			);
			name = 02FaceIt;
			productName = 02FaceIt;
			productReference = C62F00E01D1F5E6F006C2A48 /* 02FaceIt.app */;
			productType = "com.apple.product-type.application";
		};
		C62F00F31D1F5E6F006C2A48 /* 02FaceItTests */ = {
			isa = PBXNativeTarget;
			buildConfigurationList = C62F010B1D1F5E6F006C2A48 /* Build configuration list for PBXNativeTarget "02FaceItTests" */;
			buildPhases = (
				C62F00F01D1F5E6F006C2A48 /* Sources */,
				C62F00F11D1F5E6F006C2A48 /* Frameworks */,
				C62F00F21D1F5E6F006C2A48 /* Resources */,
			);
			buildRules = (
			);
			dependencies = (
				C62F00F61D1F5E6F006C2A48 /* PBXTargetDependency */,
			);
			name = 02FaceItTests;
			productName = 02FaceItTests;
			productReference = C62F00F41D1F5E6F006C2A48 /* 02FaceItTests.xctest */;
			productType = "com.apple.product-type.bundle.unit-test";
		};
		C62F00FE1D1F5E6F006C2A48 /* 02FaceItUITests */ = {
			isa = PBXNativeTarget;
			buildConfigurationList = C62F010E1D1F5E6F006C2A48 /* Build configuration list for PBXNativeTarget "02FaceItUITests" */;
			buildPhases = (
				C62F00FB1D1F5E6F006C2A48 /* Sources */,
				C62F00FC1D1F5E6F006C2A48 /* Frameworks */,
				C62F00FD1D1F5E6F006C2A48 /* Resources */,
			);
			buildRules = (
			);
			dependencies = (
				C62F01011D1F5E6F006C2A48 /* PBXTargetDependency */,
			);
			name = 02FaceItUITests;
			productName = 02FaceItUITests;
			productReference = C62F00FF1D1F5E6F006C2A48 /* 02FaceItUITests.xctest */;
			productType = "com.apple.product-type.bundle.ui-testing";
		};
/* End PBXNativeTarget section */

/* Begin PBXProject section */
		C62F00D81D1F5E6F006C2A48 /* Project object */ = {
			isa = PBXProject;
			attributes = {
				LastSwiftUpdateCheck = 0730;
				LastUpgradeCheck = 0730;
				ORGANIZATIONNAME = "Julio Franco";
				TargetAttributes = {
					C62F00DF1D1F5E6F006C2A48 = {
						CreatedOnToolsVersion = 7.3;
					};
					C62F00F31D1F5E6F006C2A48 = {
						CreatedOnToolsVersion = 7.3;
						TestTargetID = C62F00DF1D1F5E6F006C2A48;
					};
					C62F00FE1D1F5E6F006C2A48 = {
						CreatedOnToolsVersion = 7.3;
						TestTargetID = C62F00DF1D1F5E6F006C2A48;
					};
				};
			};
			buildConfigurationList = C62F00DB1D1F5E6F006C2A48 /* Build configuration list for PBXProject "02FaceIt" */;
			compatibilityVersion = "Xcode 3.2";
			developmentRegion = English;
			hasScannedForEncodings = 0;
			knownRegions = (
				en,
				Base,
			);
			mainGroup = C62F00D71D1F5E6F006C2A48;
			productRefGroup = C62F00E11D1F5E6F006C2A48 /* Products */;
			projectDirPath = "";
			projectRoot = "";
			targets = (
				C62F00DF1D1F5E6F006C2A48 /* 02FaceIt */,
				C62F00F31D1F5E6F006C2A48 /* 02FaceItTests */,
				C62F00FE1D1F5E6F006C2A48 /* 02FaceItUITests */,
			);
		};
/* End PBXProject section */

/* Begin PBXResourcesBuildPhase section */
		C62F00DE1D1F5E6F006C2A48 /* Resources */ = {
			isa = PBXResourcesBuildPhase;
			buildActionMask = 2147483647;
			files = (
				C62F00EE1D1F5E6F006C2A48 /* LaunchScreen.storyboard in Resources */,
				C62F00EB1D1F5E6F006C2A48 /* Assets.xcassets in Resources */,
				C62F00E91D1F5E6F006C2A48 /* Main.storyboard in Resources */,
			);
			runOnlyForDeploymentPostprocessing = 0;
		};
		C62F00F21D1F5E6F006C2A48 /* Resources */ = {
			isa = PBXResourcesBuildPhase;
			buildActionMask = 2147483647;
			files = (
			);
			runOnlyForDeploymentPostprocessing = 0;
		};
		C62F00FD1D1F5E6F006C2A48 /* Resources */ = {
			isa = PBXResourcesBuildPhase;
			buildActionMask = 2147483647;
			files = (
			);
			runOnlyForDeploymentPostprocessing = 0;
		};
/* End PBXResourcesBuildPhase section */

/* Begin PBXSourcesBuildPhase section */
		C62F00DC1D1F5E6F006C2A48 /* Sources */ = {
			isa = PBXSourcesBuildPhase;
			buildActionMask = 2147483647;
			files = (
				C62F00E61D1F5E6F006C2A48 /* FaceViewController.swift in Sources */,
				C62F00E41D1F5E6F006C2A48 /* AppDelegate.swift in Sources */,
				C62F01131D1F5F38006C2A48 /* FaceView.swift in Sources */,
			);
			runOnlyForDeploymentPostprocessing = 0;
		};
		C62F00F01D1F5E6F006C2A48 /* Sources */ = {
			isa = PBXSourcesBuildPhase;
			buildActionMask = 2147483647;
			files = (
				C62F00F91D1F5E6F006C2A48 /* _2FaceItTests.swift in Sources */,
			);
			runOnlyForDeploymentPostprocessing = 0;
		};
		C62F00FB1D1F5E6F006C2A48 /* Sources */ = {
			isa = PBXSourcesBuildPhase;
			buildActionMask = 2147483647;
			files = (
				C62F01041D1F5E6F006C2A48 /* _2FaceItUITests.swift in Sources */,
			);
			runOnlyForDeploymentPostprocessing = 0;
		};
/* End PBXSourcesBuildPhase section */

/* Begin PBXTargetDependency section */
		C62F00F61D1F5E6F006C2A48 /* PBXTargetDependency */ = {
			isa = PBXTargetDependency;
			target = C62F00DF1D1F5E6F006C2A48 /* 02FaceIt */;
			targetProxy = C62F00F51D1F5E6F006C2A48 /* PBXContainerItemProxy */;
		};
		C62F01011D1F5E6F006C2A48 /* PBXTargetDependency */ = {
			isa = PBXTargetDependency;
			target = C62F00DF1D1F5E6F006C2A48 /* 02FaceIt */;
			targetProxy = C62F01001D1F5E6F006C2A48 /* PBXContainerItemProxy */;
		};
/* End PBXTargetDependency section */

/* Begin PBXVariantGroup section */
		C62F00E71D1F5E6F006C2A48 /* Main.storyboard */ = {
			isa = PBXVariantGroup;
			children = (
				C62F00E81D1F5E6F006C2A48 /* Base */,
			);
			name = Main.storyboard;
			sourceTree = "<group>";
		};
		C62F00EC1D1F5E6F006C2A48 /* LaunchScreen.storyboard */ = {
			isa = PBXVariantGroup;
			children = (
				C62F00ED1D1F5E6F006C2A48 /* Base */,
			);
			name = LaunchScreen.storyboard;
			sourceTree = "<group>";
		};
/* End PBXVariantGroup section */

/* Begin XCBuildConfiguration section */
		C62F01061D1F5E6F006C2A48 /* Debug */ = {
			isa = XCBuildConfiguration;
			buildSettings = {
				ALWAYS_SEARCH_USER_PATHS = NO;
				CLANG_ANALYZER_NONNULL = YES;
				CLANG_CXX_LANGUAGE_STANDARD = "gnu++0x";
				CLANG_CXX_LIBRARY = "libc++";
				CLANG_ENABLE_MODULES = YES;
				CLANG_ENABLE_OBJC_ARC = YES;
				CLANG_WARN_BOOL_CONVERSION = YES;
				CLANG_WARN_CONSTANT_CONVERSION = YES;
				CLANG_WARN_DIRECT_OBJC_ISA_USAGE = YES_ERROR;
				CLANG_WARN_EMPTY_BODY = YES;
				CLANG_WARN_ENUM_CONVERSION = YES;
				CLANG_WARN_INT_CONVERSION = YES;
				CLANG_WARN_OBJC_ROOT_CLASS = YES_ERROR;
				CLANG_WARN_UNREACHABLE_CODE = YES;
				CLANG_WARN__DUPLICATE_METHOD_MATCH = YES;
				"CODE_SIGN_IDENTITY[sdk=iphoneos*]" = "iPhone Developer";
				COPY_PHASE_STRIP = NO;
				DEBUG_INFORMATION_FORMAT = dwarf;
				ENABLE_STRICT_OBJC_MSGSEND = YES;
				ENABLE_TESTABILITY = YES;
				GCC_C_LANGUAGE_STANDARD = gnu99;
				GCC_DYNAMIC_NO_PIC = NO;
				GCC_NO_COMMON_BLOCKS = YES;
				GCC_OPTIMIZATION_LEVEL = 0;
				GCC_PREPROCESSOR_DEFINITIONS = (
					"DEBUG=1",
					"$(inherited)",
				);
				GCC_WARN_64_TO_32_BIT_CONVERSION = YES;
				GCC_WARN_ABOUT_RETURN_TYPE = YES_ERROR;
				GCC_WARN_UNDECLARED_SELECTOR = YES;
				GCC_WARN_UNINITIALIZED_AUTOS = YES_AGGRESSIVE;
				GCC_WARN_UNUSED_FUNCTION = YES;
				GCC_WARN_UNUSED_VARIABLE = YES;
				IPHONEOS_DEPLOYMENT_TARGET = 9.3;
				MTL_ENABLE_DEBUG_INFO = YES;
				ONLY_ACTIVE_ARCH = YES;
				SDKROOT = iphoneos;
				SWIFT_OPTIMIZATION_LEVEL = "-Onone";
			};
			name = Debug;
		};
		C62F01071D1F5E6F006C2A48 /* Release */ = {
			isa = XCBuildConfiguration;
			buildSettings = {
				ALWAYS_SEARCH_USER_PATHS = NO;
				CLANG_ANALYZER_NONNULL = YES;
				CLANG_CXX_LANGUAGE_STANDARD = "gnu++0x";
				CLANG_CXX_LIBRARY = "libc++";
				CLANG_ENABLE_MODULES = YES;
				CLANG_ENABLE_OBJC_ARC = YES;
				CLANG_WARN_BOOL_CONVERSION = YES;
				CLANG_WARN_CONSTANT_CONVERSION = YES;
				CLANG_WARN_DIRECT_OBJC_ISA_USAGE = YES_ERROR;
				CLANG_WARN_EMPTY_BODY = YES;
				CLANG_WARN_ENUM_CONVERSION = YES;
				CLANG_WARN_INT_CONVERSION = YES;
				CLANG_WARN_OBJC_ROOT_CLASS = YES_ERROR;
				CLANG_WARN_UNREACHABLE_CODE = YES;
				CLANG_WARN__DUPLICATE_METHOD_MATCH = YES;
				"CODE_SIGN_IDENTITY[sdk=iphoneos*]" = "iPhone Developer";
				COPY_PHASE_STRIP = NO;
				DEBUG_INFORMATION_FORMAT = "dwarf-with-dsym";
				ENABLE_NS_ASSERTIONS = NO;
				ENABLE_STRICT_OBJC_MSGSEND = YES;
				GCC_C_LANGUAGE_STANDARD = gnu99;
				GCC_NO_COMMON_BLOCKS = YES;
				GCC_WARN_64_TO_32_BIT_CONVERSION = YES;
				GCC_WARN_ABOUT_RETURN_TYPE = YES_ERROR;
				GCC_WARN_UNDECLARED_SELECTOR = YES;
				GCC_WARN_UNINITIALIZED_AUTOS = YES_AGGRESSIVE;
				GCC_WARN_UNUSED_FUNCTION = YES;
				GCC_WARN_UNUSED_VARIABLE = YES;
				IPHONEOS_DEPLOYMENT_TARGET = 9.3;
				MTL_ENABLE_DEBUG_INFO = NO;
				SDKROOT = iphoneos;
				VALIDATE_PRODUCT = YES;
			};
			name = Release;
		};
		C62F01091D1F5E6F006C2A48 /* Debug */ = {
			isa = XCBuildConfiguration;
			buildSettings = {
				ASSETCATALOG_COMPILER_APPICON_NAME = AppIcon;
				INFOPLIST_FILE = 02FaceIt/Info.plist;
				LD_RUNPATH_SEARCH_PATHS = "$(inherited) @executable_path/Frameworks";
				PRODUCT_BUNDLE_IDENTIFIER = "self.jfiosdev.-2FaceIt";
				PRODUCT_NAME = "$(TARGET_NAME)";
			};
			name = Debug;
		};
		C62F010A1D1F5E6F006C2A48 /* Release */ = {
			isa = XCBuildConfiguration;
			buildSettings = {
				ASSETCATALOG_COMPILER_APPICON_NAME = AppIcon;
				INFOPLIST_FILE = 02FaceIt/Info.plist;
				LD_RUNPATH_SEARCH_PATHS = "$(inherited) @executable_path/Frameworks";
				PRODUCT_BUNDLE_IDENTIFIER = "self.jfiosdev.-2FaceIt";
				PRODUCT_NAME = "$(TARGET_NAME)";
			};
			name = Release;
		};
		C62F010C1D1F5E6F006C2A48 /* Debug */ = {
			isa = XCBuildConfiguration;
			buildSettings = {
				BUNDLE_LOADER = "$(TEST_HOST)";
				INFOPLIST_FILE = 02FaceItTests/Info.plist;
				LD_RUNPATH_SEARCH_PATHS = "$(inherited) @executable_path/Frameworks @loader_path/Frameworks";
				PRODUCT_BUNDLE_IDENTIFIER = "self.jfiosdev.-2FaceItTests";
				PRODUCT_NAME = "$(TARGET_NAME)";
				TEST_HOST = "$(BUILT_PRODUCTS_DIR)/02FaceIt.app/02FaceIt";
			};
			name = Debug;
		};
		C62F010D1D1F5E6F006C2A48 /* Release */ = {
			isa = XCBuildConfiguration;
			buildSettings = {
				BUNDLE_LOADER = "$(TEST_HOST)";
				INFOPLIST_FILE = 02FaceItTests/Info.plist;
				LD_RUNPATH_SEARCH_PATHS = "$(inherited) @executable_path/Frameworks @loader_path/Frameworks";
				PRODUCT_BUNDLE_IDENTIFIER = "self.jfiosdev.-2FaceItTests";
				PRODUCT_NAME = "$(TARGET_NAME)";
				TEST_HOST = "$(BUILT_PRODUCTS_DIR)/02FaceIt.app/02FaceIt";
			};
			name = Release;
		};
		C62F010F1D1F5E6F006C2A48 /* Debug */ = {
			isa = XCBuildConfiguration;
			buildSettings = {
				INFOPLIST_FILE = 02FaceItUITests/Info.plist;
				LD_RUNPATH_SEARCH_PATHS = "$(inherited) @executable_path/Frameworks @loader_path/Frameworks";
				PRODUCT_BUNDLE_IDENTIFIER = "self.jfiosdev.-2FaceItUITests";
				PRODUCT_NAME = "$(TARGET_NAME)";
				TEST_TARGET_NAME = 02FaceIt;
			};
			name = Debug;
		};
		C62F01101D1F5E6F006C2A48 /* Release */ = {
			isa = XCBuildConfiguration;
			buildSettings = {
				INFOPLIST_FILE = 02FaceItUITests/Info.plist;
				LD_RUNPATH_SEARCH_PATHS = "$(inherited) @executable_path/Frameworks @loader_path/Frameworks";
				PRODUCT_BUNDLE_IDENTIFIER = "self.jfiosdev.-2FaceItUITests";
				PRODUCT_NAME = "$(TARGET_NAME)";
				TEST_TARGET_NAME = 02FaceIt;
			};
			name = Release;
		};
/* End XCBuildConfiguration section */

/* Begin XCConfigurationList section */
		C62F00DB1D1F5E6F006C2A48 /* Build configuration list for PBXProject "02FaceIt" */ = {
			isa = XCConfigurationList;
			buildConfigurations = (
				C62F01061D1F5E6F006C2A48 /* Debug */,
				C62F01071D1F5E6F006C2A48 /* Release */,
			);
			defaultConfigurationIsVisible = 0;
			defaultConfigurationName = Release;
		};
		C62F01081D1F5E6F006C2A48 /* Build configuration list for PBXNativeTarget "02FaceIt" */ = {
			isa = XCConfigurationList;
			buildConfigurations = (
				C62F01091D1F5E6F006C2A48 /* Debug */,
				C62F010A1D1F5E6F006C2A48 /* Release */,
			);
			defaultConfigurationIsVisible = 0;
		};
		C62F010B1D1F5E6F006C2A48 /* Build configuration list for PBXNativeTarget "02FaceItTests" */ = {
			isa = XCConfigurationList;
			buildConfigurations = (
				C62F010C1D1F5E6F006C2A48 /* Debug */,
				C62F010D1D1F5E6F006C2A48 /* Release */,
			);
			defaultConfigurationIsVisible = 0;
		};
		C62F010E1D1F5E6F006C2A48 /* Build configuration list for PBXNativeTarget "02FaceItUITests" */ = {
			isa = XCConfigurationList;
			buildConfigurations = (
				C62F010F1D1F5E6F006C2A48 /* Debug */,
				C62F01101D1F5E6F006C2A48 /* Release */,
			);
			defaultConfigurationIsVisible = 0;
		};
/* End XCConfigurationList section */
	};
	rootObject = C62F00D81D1F5E6F006C2A48 /* Project object */;
}
